
Microsoft Visual Studio Solution File, Format Version 12.00
# Visual Studio Version 17
VisualStudioVersion = 17.9.34723.18
MinimumVisualStudioVersion = 10.0.40219.1
Project("{9A19103F-16F7-4668-BE54-9A1E7A4F7556}") = "DataAccess", "DataAccess\DataAccess.csproj", "{8AF6837E-0504-4357-ACDF-ECFE8A59C6B0}"
EndProject
Project("{9A19103F-16F7-4668-BE54-9A1E7A4F7556}") = "Business", "Business\Business.csproj", "{2EE29BA1-B824-42DD-B36C-D8C83B2F79F6}"
EndProject
Project("{9A19103F-16F7-4668-BE54-9A1E7A4F7556}") = "Entities", "Entities\Entities.csproj", "{A885459D-7689-4744-AFFD-7222FF9CE4FA}"
EndProject
Project("{9A19103F-16F7-4668-BE54-9A1E7A4F7556}") = "Core", "Core\Core.csproj", "{FFB7998D-68BC-4405-ABFA-D0080158BDAB}"
EndProject
Project("{9A19103F-16F7-4668-BE54-9A1E7A4F7556}") = "Forms", "Forms\Forms.csproj", "{541FD0DF-48F6-449F-9944-FA36CD109F73}"
EndProject
Global
	GlobalSection(SolutionConfigurationPlatforms) = preSolution
		Debug|Any CPU = Debug|Any CPU
		Release|Any CPU = Release|Any CPU
	EndGlobalSection
	GlobalSection(ProjectConfigurationPlatforms) = postSolution
		{8AF6837E-0504-4357-ACDF-ECFE8A59C6B0}.Debug|Any CPU.ActiveCfg = Debug|Any CPU
		{8AF6837E-0504-4357-ACDF-ECFE8A59C6B0}.Debug|Any CPU.Build.0 = Debug|Any CPU
		{8AF6837E-0504-4357-ACDF-ECFE8A59C6B0}.Release|Any CPU.ActiveCfg = Release|Any CPU
		{8AF6837E-0504-4357-ACDF-ECFE8A59C6B0}.Release|Any CPU.Build.0 = Release|Any CPU
		{2EE29BA1-B824-42DD-B36C-D8C83B2F79F6}.Debug|Any CPU.ActiveCfg = Debug|Any CPU
		{2EE29BA1-B824-42DD-B36C-D8C83B2F79F6}.Debug|Any CPU.Build.0 = Debug|Any CPU
		{2EE29BA1-B824-42DD-B36C-D8C83B2F79F6}.Release|Any CPU.ActiveCfg = Release|Any CPU
		{2EE29BA1-B824-42DD-B36C-D8C83B2F79F6}.Release|Any CPU.Build.0 = Release|Any CPU
		{A885459D-7689-4744-AFFD-7222FF9CE4FA}.Debug|Any CPU.ActiveCfg = Debug|Any CPU
		{A885459D-7689-4744-AFFD-7222FF9CE4FA}.Debug|Any CPU.Build.0 = Debug|Any CPU
		{A885459D-7689-4744-AFFD-7222FF9CE4FA}.Release|Any CPU.ActiveCfg = Release|Any CPU
		{A885459D-7689-4744-AFFD-7222FF9CE4FA}.Release|Any CPU.Build.0 = Release|Any CPU
		{FFB7998D-68BC-4405-ABFA-D0080158BDAB}.Debug|Any CPU.ActiveCfg = Debug|Any CPU
		{FFB7998D-68BC-4405-ABFA-D0080158BDAB}.Debug|Any CPU.Build.0 = Debug|Any CPU
		{FFB7998D-68BC-4405-ABFA-D0080158BDAB}.Release|Any CPU.ActiveCfg = Release|Any CPU
		{FFB7998D-68BC-4405-ABFA-D0080158BDAB}.Release|Any CPU.Build.0 = Release|Any CPU
		{541FD0DF-48F6-449F-9944-FA36CD109F73}.Debug|Any CPU.ActiveCfg = Debug|Any CPU
		{541FD0DF-48F6-449F-9944-FA36CD109F73}.Debug|Any CPU.Build.0 = Debug|Any CPU
		{541FD0DF-48F6-449F-9944-FA36CD109F73}.Release|Any CPU.ActiveCfg = Release|Any CPU
		{541FD0DF-48F6-449F-9944-FA36CD109F73}.Release|Any CPU.Build.0 = Release|Any CPU
	EndGlobalSection
	GlobalSection(SolutionProperties) = preSolution
		HideSolutionNode = FALSE
	EndGlobalSection
	GlobalSection(ExtensibilityGlobals) = postSolution
		SolutionGuid = {C6DCDFBE-A19C-4984-BA58-B3044F49992F}
	EndGlobalSection
EndGlobal
